PODS:
  - Flutter (1.0.0)
  - path_provider_linux (0.0.1):
    - Flutter
  - "permission_handler (5.0.1+1)":
    - Flutter
  - rongcloud_im_plugin (0.0.1):
    - Flutter
    - RongCloudIM/IMLib (= 4.0.2)
  - rongcloud_rtc_plugin (0.0.1):
    - Flutter
    - RongCloudIM
  - RongCloudIM (4.0.2):
    - RongCloudIM/IMKit (= 4.0.2)
    - RongCloudIM/IMLib (= 4.0.2)
    - RongCloudIM/RongSticker (= 4.0.2)
    - RongCloudIM/Sight (= 4.0.2)
  - RongCloudIM/IMKit (4.0.2):
    - RongCloudIM/IMLib
  - RongCloudIM/IMLib (4.0.2)
  - RongCloudIM/RongSticker (4.0.2):
    - RongCloudIM/IMKit
  - RongCloudIM/Sight (4.0.2):
    - RongCloudIM/IMKit
  - shared_preferences (0.0.1):
    - Flutter
  - shared_preferences_linux (0.0.1):
    - Flutter
  - shared_preferences_macos (0.0.1):
    - Flutter
  - shared_preferences_web (0.0.1):
    - Flutter

DEPENDENCIES:
  - Flutter (from `Flutter`)
  - "path_provider_linux (from `/Users/zhanglei/Library/flutter/.pub-cache/hosted/pub.flutter-io.cn/path_provider_linux-0.0.1+2/ios/path_provider_linux.podspec`)"
  - "permission_handler (from `/Users/zhanglei/Library/flutter/.pub-cache/hosted/pub.flutter-io.cn/permission_handler-5.0.1+1/ios/permission_handler.podspec`)"
  - rongcloud_im_plugin (from `/Users/zhanglei/Library/flutter/.pub-cache/hosted/pub.flutter-io.cn/rongcloud_im_plugin-2.1.1/ios/rongcloud_im_plugin.podspec`)
  - rongcloud_rtc_plugin (from `/Users/zhanglei/Workspace/rc-flutter/flutter-rtcdemo/rongcloud_rtc_plugin/ios/rongcloud_rtc_plugin.podspec`)
  - shared_preferences (from `/Users/zhanglei/Library/flutter/.pub-cache/hosted/pub.flutter-io.cn/shared_preferences-0.5.10/ios/shared_preferences.podspec`)
  - "shared_preferences_linux (from `/Users/zhanglei/Library/flutter/.pub-cache/hosted/pub.flutter-io.cn/shared_preferences_linux-0.0.2+2/ios/shared_preferences_linux.podspec`)"
  - "shared_preferences_macos (from `/Users/zhanglei/Library/flutter/.pub-cache/hosted/pub.flutter-io.cn/shared_preferences_macos-0.0.1+10/ios/shared_preferences_macos.podspec`)"
  - "shared_preferences_web (from `/Users/zhanglei/Library/flutter/.pub-cache/hosted/pub.flutter-io.cn/shared_preferences_web-0.1.2+7/ios/shared_preferences_web.podspec`)"

SPEC REPOS:
  trunk:
    - RongCloudIM

EXTERNAL SOURCES:
  Flutter:
    :path: Flutter
  path_provider_linux:
    :path: "/Users/zhanglei/Library/flutter/.pub-cache/hosted/pub.flutter-io.cn/path_provider_linux-0.0.1+2/ios/path_provider_linux.podspec"
  permission_handler:
    :path: "/Users/zhanglei/Library/flutter/.pub-cache/hosted/pub.flutter-io.cn/permission_handler-5.0.1+1/ios/permission_handler.podspec"
  rongcloud_im_plugin:
    :path: "/Users/zhanglei/Library/flutter/.pub-cache/hosted/pub.flutter-io.cn/rongcloud_im_plugin-2.1.1/ios/rongcloud_im_plugin.podspec"
  rongcloud_rtc_plugin:
    :path: "/Users/zhanglei/Workspace/rc-flutter/flutter-rtcdemo/rongcloud_rtc_plugin/ios/rongcloud_rtc_plugin.podspec"
  shared_preferences:
    :path: "/Users/zhanglei/Library/flutter/.pub-cache/hosted/pub.flutter-io.cn/shared_preferences-0.5.10/ios/shared_preferences.podspec"
  shared_preferences_linux:
    :path: "/Users/zhanglei/Library/flutter/.pub-cache/hosted/pub.flutter-io.cn/shared_preferences_linux-0.0.2+2/ios/shared_preferences_linux.podspec"
  shared_preferences_macos:
    :path: "/Users/zhanglei/Library/flutter/.pub-cache/hosted/pub.flutter-io.cn/shared_preferences_macos-0.0.1+10/ios/shared_preferences_macos.podspec"
  shared_preferences_web:
    :path: "/Users/zhanglei/Library/flutter/.pub-cache/hosted/pub.flutter-io.cn/shared_preferences_web-0.1.2+7/ios/shared_preferences_web.podspec"

SPEC CHECKSUMS:
  Flutter: 0e3d915762c693b495b44d77113d4970485de6ec
  path_provider_linux: 4d630dc393e1f20364f3e3b4a2ff41d9674a84e4
  permission_handler: eac8e15b4a1a3fba55b761d19f3f4e6b005d15b6
  rongcloud_im_plugin: bcca07de0410936169503aeff97744ab556c47c6
  rongcloud_rtc_plugin: 6344967ad7fc11e20a11667aaad30438608c1126
  RongCloudIM: 8a068b5c6bd6fb2e770a5f245fcd9d6832296515
  shared_preferences: af6bfa751691cdc24be3045c43ec037377ada40d
  shared_preferences_linux: afefbfe8d921e207f01ede8b60373d9e3b566b78
  shared_preferences_macos: f3f29b71ccbb56bf40c9dd6396c9acf15e214087
  shared_preferences_web: 141cce0c3ed1a1c5bf2a0e44f52d31eeb66e5ea9

PODFILE CHECKSUM: 7cd0c799510140863d23bde4e2aa68a84dbc8343

COCOAPODS: 1.9.3
